
Microsoft Visual Studio Solution File, Format Version 12.00
# Visual Studio Version 16
VisualStudioVersion = 16.0.31005.135
MinimumVisualStudioVersion = 10.0.40219.1
Project("{888888A0-9F3D-457C-B088-3A5042F75D52}") = "Score Tracker", "Score Tracker.pyproj", "{BB86888D-87D5-4D27-9249-55D2A02DD633}"
EndProject
Global
	GlobalSection(SolutionConfigurationPlatforms) = preSolution
		Debug|Any CPU = Debug|Any CPU
		Release|Any CPU = Release|Any CPU
	EndGlobalSection
	GlobalSection(ProjectConfigurationPlatforms) = postSolution
		{BB86888D-87D5-4D27-9249-55D2A02DD633}.Debug|Any CPU.ActiveCfg = Debug|Any CPU
		{BB86888D-87D5-4D27-9249-55D2A02DD633}.Release|Any CPU.ActiveCfg = Release|Any CPU
	EndGlobalSection
	GlobalSection(SolutionProperties) = preSolution
		HideSolutionNode = FALSE
	EndGlobalSection
	GlobalSection(ExtensibilityGlobals) = postSolution
		SolutionGuid = {14B61421-1716-4F0F-A434-6B7A73B26CF4}
	EndGlobalSection
EndGlobal
